
Microsoft Visual Studio Solution File, Format Version 12.00
# Visual Studio Version 17
VisualStudioVersion = 17.14.36212.18
MinimumVisualStudioVersion = 10.0.40219.1
Project("{FAE04EC0-301F-11D3-BF4B-00C04F79EFBC}") = "Armeccor.Datos", "Armeccor.Datos\Armeccor.Datos.csproj", "{55A332F9-A7B5-455E-A7C1-53C997CEBF8C}"
EndProject
Project("{FAE04EC0-301F-11D3-BF4B-00C04F79EFBC}") = "Armeccor.Server", "Armeccor\Server\Armeccor.Server.csproj", "{6D5CC793-8377-42E0-BE84-97DC9ADE0363}"
EndProject
Project("{FAE04EC0-301F-11D3-BF4B-00C04F79EFBC}") = "Armeccor.Client", "Armeccor\Client\Armeccor.Client.csproj", "{0CF7E8C3-8D88-4C7B-9B27-C551AF974C7B}"
EndProject
Project("{FAE04EC0-301F-11D3-BF4B-00C04F79EFBC}") = "DTO", "DTO\DTO.csproj", "{DF55E7A1-78C9-43CE-A698-EDBB79564752}"
EndProject
Project("{FAE04EC0-301F-11D3-BF4B-00C04F79EFBC}") = "Validaciones", "Validaciones\Validaciones.csproj", "{487F97A7-0768-425C-B34C-FD978E42B481}"
EndProject
Global
	GlobalSection(SolutionConfigurationPlatforms) = preSolution
		Debug|Any CPU = Debug|Any CPU
		Release|Any CPU = Release|Any CPU
	EndGlobalSection
	GlobalSection(ProjectConfigurationPlatforms) = postSolution
		{55A332F9-A7B5-455E-A7C1-53C997CEBF8C}.Debug|Any CPU.ActiveCfg = Debug|Any CPU
		{55A332F9-A7B5-455E-A7C1-53C997CEBF8C}.Debug|Any CPU.Build.0 = Debug|Any CPU
		{55A332F9-A7B5-455E-A7C1-53C997CEBF8C}.Release|Any CPU.ActiveCfg = Release|Any CPU
		{55A332F9-A7B5-455E-A7C1-53C997CEBF8C}.Release|Any CPU.Build.0 = Release|Any CPU
		{6D5CC793-8377-42E0-BE84-97DC9ADE0363}.Debug|Any CPU.ActiveCfg = Debug|Any CPU
		{6D5CC793-8377-42E0-BE84-97DC9ADE0363}.Debug|Any CPU.Build.0 = Debug|Any CPU
		{6D5CC793-8377-42E0-BE84-97DC9ADE0363}.Release|Any CPU.ActiveCfg = Release|Any CPU
		{6D5CC793-8377-42E0-BE84-97DC9ADE0363}.Release|Any CPU.Build.0 = Release|Any CPU
		{0CF7E8C3-8D88-4C7B-9B27-C551AF974C7B}.Debug|Any CPU.ActiveCfg = Debug|Any CPU
		{0CF7E8C3-8D88-4C7B-9B27-C551AF974C7B}.Debug|Any CPU.Build.0 = Debug|Any CPU
		{0CF7E8C3-8D88-4C7B-9B27-C551AF974C7B}.Release|Any CPU.ActiveCfg = Release|Any CPU
		{0CF7E8C3-8D88-4C7B-9B27-C551AF974C7B}.Release|Any CPU.Build.0 = Release|Any CPU
		{DF55E7A1-78C9-43CE-A698-EDBB79564752}.Debug|Any CPU.ActiveCfg = Debug|Any CPU
		{DF55E7A1-78C9-43CE-A698-EDBB79564752}.Debug|Any CPU.Build.0 = Debug|Any CPU
		{DF55E7A1-78C9-43CE-A698-EDBB79564752}.Release|Any CPU.ActiveCfg = Release|Any CPU
		{DF55E7A1-78C9-43CE-A698-EDBB79564752}.Release|Any CPU.Build.0 = Release|Any CPU
		{487F97A7-0768-425C-B34C-FD978E42B481}.Debug|Any CPU.ActiveCfg = Debug|Any CPU
		{487F97A7-0768-425C-B34C-FD978E42B481}.Debug|Any CPU.Build.0 = Debug|Any CPU
		{487F97A7-0768-425C-B34C-FD978E42B481}.Release|Any CPU.ActiveCfg = Release|Any CPU
		{487F97A7-0768-425C-B34C-FD978E42B481}.Release|Any CPU.Build.0 = Release|Any CPU
	EndGlobalSection
	GlobalSection(SolutionProperties) = preSolution
		HideSolutionNode = FALSE
	EndGlobalSection
	GlobalSection(ExtensibilityGlobals) = postSolution
		SolutionGuid = {9B02A3AE-6979-45F8-BD7E-531F666F4FE8}
	EndGlobalSection
EndGlobal
